
Microsoft Visual Studio Solution File, Format Version 10.00
# Visual Studio 2008
Project("{FAE04EC0-301F-11D3-BF4B-00C04F79EFBC}") = "WssDatabaseSync", "WssDatabaseSync.csproj", "{AEF8C572-3A73-4339-A97A-CC7422EAF788}"
EndProject
Global
	GlobalSection(SolutionConfigurationPlatforms) = preSolution
		Debug|Any CPU = Debug|Any CPU
		Release|Any CPU = Release|Any CPU
	EndGlobalSection
	GlobalSection(ProjectConfigurationPlatforms) = postSolution
		{AEF8C572-3A73-4339-A97A-CC7422EAF788}.Debug|Any CPU.ActiveCfg = Debug|Any CPU
		{AEF8C572-3A73-4339-A97A-CC7422EAF788}.Debug|Any CPU.Build.0 = Debug|Any CPU
		{AEF8C572-3A73-4339-A97A-CC7422EAF788}.Release|Any CPU.ActiveCfg = Release|Any CPU
		{AEF8C572-3A73-4339-A97A-CC7422EAF788}.Release|Any CPU.Build.0 = Release|Any CPU
	EndGlobalSection
	GlobalSection(SolutionProperties) = preSolution
		HideSolutionNode = FALSE
	EndGlobalSection
EndGlobal
